
Microsoft Visual Studio Solution File, Format Version 12.00
# Visual Studio Version 17
VisualStudioVersion = 17.0.32014.148
MinimumVisualStudioVersion = 10.0.40219.1
Project("{2150E333-8FDC-42A3-9474-1A3956D46DE8}") = "src", "src", "{EDE8B61B-21EA-460D-9D4F-B0EB2E174C70}"
EndProject
Project("{2150E333-8FDC-42A3-9474-1A3956D46DE8}") = "Building Blocks", "Building Blocks", "{80979294-F0AF-4059-AF41-278CFA33583A}"
EndProject
Project("{2150E333-8FDC-42A3-9474-1A3956D46DE8}") = "Services", "Services", "{3554F8BF-636C-4278-989C-1FBA68CE0C96}"
EndProject
Project("{2150E333-8FDC-42A3-9474-1A3956D46DE8}") = "Web", "Web", "{A61CE267-D4E7-4653-88C6-8F303E02B747}"
EndProject
Project("{2150E333-8FDC-42A3-9474-1A3956D46DE8}") = "Identidade", "Identidade", "{8DAA4546-FD06-45D6-82D7-4000FF33DF1F}"
EndProject
Project("{FAE04EC0-301F-11D3-BF4B-00C04F79EFBC}") = "NSE.Identidade.API", "src\services\NSE.Identidade.API\NSE.Identidade.API.csproj", "{25DE7D06-DDF6-4D2F-81AB-12EC283BAE87}"
EndProject
Project("{2150E333-8FDC-42A3-9474-1A3956D46DE8}") = "MVC", "MVC", "{DBB4768C-C38B-4796-BF1B-F014B409BDE9}"
EndProject
Project("{FAE04EC0-301F-11D3-BF4B-00C04F79EFBC}") = "NSE.WebApp.MVC", "src\web\NSE.WebApp.MVC\NSE.WebApp.MVC.csproj", "{0E32B7AF-C0CC-48FA-86BE-184C75E99863}"
EndProject
Project("{2150E333-8FDC-42A3-9474-1A3956D46DE8}") = "Core", "Core", "{8A4D4CCD-D990-4254-9D1C-5211F3C78D2C}"
EndProject
Project("{FAE04EC0-301F-11D3-BF4B-00C04F79EFBC}") = "NSE.Core", "src\building blocks\NSE.Core\NSE.Core.csproj", "{6F302BCD-9122-4165-A324-EBC78E01793A}"
EndProject
Project("{2150E333-8FDC-42A3-9474-1A3956D46DE8}") = "Carrinho", "Carrinho", "{91312FE2-83FF-4F95-91DD-D8515090CF11}"
EndProject
Project("{2150E333-8FDC-42A3-9474-1A3956D46DE8}") = "Catalogo", "Catalogo", "{A8EB16EF-025E-42AC-BE80-0CE7CBCA0FC3}"
EndProject
Project("{2150E333-8FDC-42A3-9474-1A3956D46DE8}") = "Cliente", "Cliente", "{39BB0D27-43B1-4D31-B96F-FA39AF41DA12}"
EndProject
Project("{2150E333-8FDC-42A3-9474-1A3956D46DE8}") = "Pagamento", "Pagamento", "{219BA55F-93BA-4C40-8185-C138966F0016}"
EndProject
Project("{2150E333-8FDC-42A3-9474-1A3956D46DE8}") = "Pedido", "Pedido", "{B43335CD-2206-4AF7-B35A-747AB8D869FA}"
EndProject
Project("{FAE04EC0-301F-11D3-BF4B-00C04F79EFBC}") = "NSE.Carrinho.API", "src\services\NSE.Carrinho.API\NSE.Carrinho.API.csproj", "{BD41296E-8C96-48A9-9ED3-DE76D550F6CC}"
EndProject
Project("{FAE04EC0-301F-11D3-BF4B-00C04F79EFBC}") = "NSE.Catalogo.API", "src\services\NSE.Catalogo.API\NSE.Catalogo.API.csproj", "{F9849C6F-C2BB-425D-9533-7C81199DE544}"
EndProject
Project("{FAE04EC0-301F-11D3-BF4B-00C04F79EFBC}") = "NSE.Cliente.API", "src\services\NSE.Cliente.API\NSE.Cliente.API.csproj", "{40CD5899-75B0-48E3-8CE9-8E94CB122CD8}"
EndProject
Project("{FAE04EC0-301F-11D3-BF4B-00C04F79EFBC}") = "NSE.Pagamento.API", "src\services\NSE.Pagamento.API\NSE.Pagamento.API.csproj", "{0293FD65-3377-4BAD-BFF5-4D8462EDA996}"
EndProject
Project("{FAE04EC0-301F-11D3-BF4B-00C04F79EFBC}") = "NSE.Pedido.API", "src\services\NSE.Pedido.API\NSE.Pedido.API.csproj", "{017B9A02-5050-4578-BD8F-B0E4E4DAA06A}"
EndProject
Global
	GlobalSection(SolutionConfigurationPlatforms) = preSolution
		Debug|Any CPU = Debug|Any CPU
		Release|Any CPU = Release|Any CPU
	EndGlobalSection
	GlobalSection(ProjectConfigurationPlatforms) = postSolution
		{25DE7D06-DDF6-4D2F-81AB-12EC283BAE87}.Debug|Any CPU.ActiveCfg = Debug|Any CPU
		{25DE7D06-DDF6-4D2F-81AB-12EC283BAE87}.Debug|Any CPU.Build.0 = Debug|Any CPU
		{25DE7D06-DDF6-4D2F-81AB-12EC283BAE87}.Release|Any CPU.ActiveCfg = Release|Any CPU
		{25DE7D06-DDF6-4D2F-81AB-12EC283BAE87}.Release|Any CPU.Build.0 = Release|Any CPU
		{0E32B7AF-C0CC-48FA-86BE-184C75E99863}.Debug|Any CPU.ActiveCfg = Debug|Any CPU
		{0E32B7AF-C0CC-48FA-86BE-184C75E99863}.Debug|Any CPU.Build.0 = Debug|Any CPU
		{0E32B7AF-C0CC-48FA-86BE-184C75E99863}.Release|Any CPU.ActiveCfg = Release|Any CPU
		{0E32B7AF-C0CC-48FA-86BE-184C75E99863}.Release|Any CPU.Build.0 = Release|Any CPU
		{6F302BCD-9122-4165-A324-EBC78E01793A}.Debug|Any CPU.ActiveCfg = Debug|Any CPU
		{6F302BCD-9122-4165-A324-EBC78E01793A}.Debug|Any CPU.Build.0 = Debug|Any CPU
		{6F302BCD-9122-4165-A324-EBC78E01793A}.Release|Any CPU.ActiveCfg = Release|Any CPU
		{6F302BCD-9122-4165-A324-EBC78E01793A}.Release|Any CPU.Build.0 = Release|Any CPU
		{BD41296E-8C96-48A9-9ED3-DE76D550F6CC}.Debug|Any CPU.ActiveCfg = Debug|Any CPU
		{BD41296E-8C96-48A9-9ED3-DE76D550F6CC}.Debug|Any CPU.Build.0 = Debug|Any CPU
		{BD41296E-8C96-48A9-9ED3-DE76D550F6CC}.Release|Any CPU.ActiveCfg = Release|Any CPU
		{BD41296E-8C96-48A9-9ED3-DE76D550F6CC}.Release|Any CPU.Build.0 = Release|Any CPU
		{F9849C6F-C2BB-425D-9533-7C81199DE544}.Debug|Any CPU.ActiveCfg = Debug|Any CPU
		{F9849C6F-C2BB-425D-9533-7C81199DE544}.Debug|Any CPU.Build.0 = Debug|Any CPU
		{F9849C6F-C2BB-425D-9533-7C81199DE544}.Release|Any CPU.ActiveCfg = Release|Any CPU
		{F9849C6F-C2BB-425D-9533-7C81199DE544}.Release|Any CPU.Build.0 = Release|Any CPU
		{40CD5899-75B0-48E3-8CE9-8E94CB122CD8}.Debug|Any CPU.ActiveCfg = Debug|Any CPU
		{40CD5899-75B0-48E3-8CE9-8E94CB122CD8}.Debug|Any CPU.Build.0 = Debug|Any CPU
		{40CD5899-75B0-48E3-8CE9-8E94CB122CD8}.Release|Any CPU.ActiveCfg = Release|Any CPU
		{40CD5899-75B0-48E3-8CE9-8E94CB122CD8}.Release|Any CPU.Build.0 = Release|Any CPU
		{0293FD65-3377-4BAD-BFF5-4D8462EDA996}.Debug|Any CPU.ActiveCfg = Debug|Any CPU
		{0293FD65-3377-4BAD-BFF5-4D8462EDA996}.Debug|Any CPU.Build.0 = Debug|Any CPU
		{0293FD65-3377-4BAD-BFF5-4D8462EDA996}.Release|Any CPU.ActiveCfg = Release|Any CPU
		{0293FD65-3377-4BAD-BFF5-4D8462EDA996}.Release|Any CPU.Build.0 = Release|Any CPU
		{017B9A02-5050-4578-BD8F-B0E4E4DAA06A}.Debug|Any CPU.ActiveCfg = Debug|Any CPU
		{017B9A02-5050-4578-BD8F-B0E4E4DAA06A}.Debug|Any CPU.Build.0 = Debug|Any CPU
		{017B9A02-5050-4578-BD8F-B0E4E4DAA06A}.Release|Any CPU.ActiveCfg = Release|Any CPU
		{017B9A02-5050-4578-BD8F-B0E4E4DAA06A}.Release|Any CPU.Build.0 = Release|Any CPU
	EndGlobalSection
	GlobalSection(SolutionProperties) = preSolution
		HideSolutionNode = FALSE
	EndGlobalSection
	GlobalSection(NestedProjects) = preSolution
		{80979294-F0AF-4059-AF41-278CFA33583A} = {EDE8B61B-21EA-460D-9D4F-B0EB2E174C70}
		{3554F8BF-636C-4278-989C-1FBA68CE0C96} = {EDE8B61B-21EA-460D-9D4F-B0EB2E174C70}
		{A61CE267-D4E7-4653-88C6-8F303E02B747} = {EDE8B61B-21EA-460D-9D4F-B0EB2E174C70}
		{8DAA4546-FD06-45D6-82D7-4000FF33DF1F} = {3554F8BF-636C-4278-989C-1FBA68CE0C96}
		{25DE7D06-DDF6-4D2F-81AB-12EC283BAE87} = {8DAA4546-FD06-45D6-82D7-4000FF33DF1F}
		{DBB4768C-C38B-4796-BF1B-F014B409BDE9} = {A61CE267-D4E7-4653-88C6-8F303E02B747}
		{0E32B7AF-C0CC-48FA-86BE-184C75E99863} = {DBB4768C-C38B-4796-BF1B-F014B409BDE9}
		{8A4D4CCD-D990-4254-9D1C-5211F3C78D2C} = {80979294-F0AF-4059-AF41-278CFA33583A}
		{6F302BCD-9122-4165-A324-EBC78E01793A} = {8A4D4CCD-D990-4254-9D1C-5211F3C78D2C}
		{91312FE2-83FF-4F95-91DD-D8515090CF11} = {3554F8BF-636C-4278-989C-1FBA68CE0C96}
		{A8EB16EF-025E-42AC-BE80-0CE7CBCA0FC3} = {3554F8BF-636C-4278-989C-1FBA68CE0C96}
		{39BB0D27-43B1-4D31-B96F-FA39AF41DA12} = {3554F8BF-636C-4278-989C-1FBA68CE0C96}
		{219BA55F-93BA-4C40-8185-C138966F0016} = {3554F8BF-636C-4278-989C-1FBA68CE0C96}
		{B43335CD-2206-4AF7-B35A-747AB8D869FA} = {3554F8BF-636C-4278-989C-1FBA68CE0C96}
		{BD41296E-8C96-48A9-9ED3-DE76D550F6CC} = {91312FE2-83FF-4F95-91DD-D8515090CF11}
		{F9849C6F-C2BB-425D-9533-7C81199DE544} = {A8EB16EF-025E-42AC-BE80-0CE7CBCA0FC3}
		{40CD5899-75B0-48E3-8CE9-8E94CB122CD8} = {39BB0D27-43B1-4D31-B96F-FA39AF41DA12}
		{0293FD65-3377-4BAD-BFF5-4D8462EDA996} = {219BA55F-93BA-4C40-8185-C138966F0016}
		{017B9A02-5050-4578-BD8F-B0E4E4DAA06A} = {B43335CD-2206-4AF7-B35A-747AB8D869FA}
	EndGlobalSection
	GlobalSection(ExtensibilityGlobals) = postSolution
		SolutionGuid = {9C4DAEDD-2492-4C6C-A3A0-5CEF5D2A72B0}
	EndGlobalSection
EndGlobal
